// !$*UTF8*$!
{
	archiveVersion = 1;
	classes = {
	};
	objectVersion = 50;
	objects = {

/* Begin PBXBuildFile section */
		645774E62398355D00A61C0A /* AppDelegate.swift in Sources */ = {isa = PBXBuildFile; fileRef = 645774E52398355D00A61C0A /* AppDelegate.swift */; };
		645774E82398355D00A61C0A /* SceneDelegate.swift in Sources */ = {isa = PBXBuildFile; fileRef = 645774E72398355D00A61C0A /* SceneDelegate.swift */; };
		645774ED2398355D00A61C0A /* Main.storyboard in Resources */ = {isa = PBXBuildFile; fileRef = 645774EB2398355D00A61C0A /* Main.storyboard */; };
		645774EF2398357600A61C0A /* Assets.xcassets in Resources */ = {isa = PBXBuildFile; fileRef = 645774EE2398357600A61C0A /* Assets.xcassets */; };
		645774F22398357600A61C0A /* LaunchScreen.storyboard in Resources */ = {isa = PBXBuildFile; fileRef = 645774F02398357600A61C0A /* LaunchScreen.storyboard */; };
		645774FE23983B4900A61C0A /* Webservice.swift in Sources */ = {isa = PBXBuildFile; fileRef = 645774FD23983B4900A61C0A /* Webservice.swift */; };
		6457750A2398432E00A61C0A /* Country.swift in Sources */ = {isa = PBXBuildFile; fileRef = 645775092398432E00A61C0A /* Country.swift */; };
		64577510239858A400A61C0A /* CountryListViewModel.swift in Sources */ = {isa = PBXBuildFile; fileRef = 6457750F239858A400A61C0A /* CountryListViewModel.swift */; };
		6457751223993F5F00A61C0A /* CountryDetailViewController.swift in Sources */ = {isa = PBXBuildFile; fileRef = 6457751123993F5F00A61C0A /* CountryDetailViewController.swift */; };
		6457751423993F8100A61C0A /* CountryListViewController.swift in Sources */ = {isa = PBXBuildFile; fileRef = 6457751323993F8100A61C0A /* CountryListViewController.swift */; };
		6457751D23995CEF00A61C0A /* CountryListTableViewCell.swift in Sources */ = {isa = PBXBuildFile; fileRef = 6457751C23995CEF00A61C0A /* CountryListTableViewCell.swift */; };
		6457752523999D3200A61C0A /* Population+Extensions.swift in Sources */ = {isa = PBXBuildFile; fileRef = 6457752423999D3200A61C0A /* Population+Extensions.swift */; };
		645775292399A8CE00A61C0A /* FilterViewController.swift in Sources */ = {isa = PBXBuildFile; fileRef = 645775282399A8CE00A61C0A /* FilterViewController.swift */; };
		6457752B2399C25E00A61C0A /* FilterViewModel.swift in Sources */ = {isa = PBXBuildFile; fileRef = 6457752A2399C25E00A61C0A /* FilterViewModel.swift */; };
		645775312399C79900A61C0A /* Filter.swift in Sources */ = {isa = PBXBuildFile; fileRef = 645775302399C79900A61C0A /* Filter.swift */; };
		64E80310239B12B600B2014B /* Flag+Extensions.swift in Sources */ = {isa = PBXBuildFile; fileRef = 64E8030F239B12B600B2014B /* Flag+Extensions.swift */; };
		64E80322239C53CA00B2014B /* HttpStatusTests.swift in Sources */ = {isa = PBXBuildFile; fileRef = 64E80321239C53CA00B2014B /* HttpStatusTests.swift */; };
		64FD938723A03D3700971229 /* FilterViewModelTests.swift in Sources */ = {isa = PBXBuildFile; fileRef = 64FD938623A03D3700971229 /* FilterViewModelTests.swift */; };
		64FD939423A1771600971229 /* Wiki_CountryUITests.swift in Sources */ = {isa = PBXBuildFile; fileRef = 64FD939323A1771600971229 /* Wiki_CountryUITests.swift */; };
		64FD939D23A18ADE00971229 /* Constants.swift in Sources */ = {isa = PBXBuildFile; fileRef = 64FD939C23A18ADE00971229 /* Constants.swift */; };
/* End PBXBuildFile section */

/* Begin PBXContainerItemProxy section */
		64E8031C239C512A00B2014B /* PBXContainerItemProxy */ = {
			isa = PBXContainerItemProxy;
			containerPortal = 645774DA2398355C00A61C0A /* Project object */;
			proxyType = 1;
			remoteGlobalIDString = 645774E12398355D00A61C0A;
			remoteInfo = "Wiki Country";
		};
		64FD939623A1771600971229 /* PBXContainerItemProxy */ = {
			isa = PBXContainerItemProxy;
			containerPortal = 645774DA2398355C00A61C0A /* Project object */;
			proxyType = 1;
			remoteGlobalIDString = 645774E12398355D00A61C0A;
			remoteInfo = "Wiki Country";
		};
/* End PBXContainerItemProxy section */

/* Begin PBXFileReference section */
		645774E22398355D00A61C0A /* Wiki Country.app */ = {isa = PBXFileReference; explicitFileType = wrapper.application; includeInIndex = 0; path = "Wiki Country.app"; sourceTree = BUILT_PRODUCTS_DIR; };
		645774E52398355D00A61C0A /* AppDelegate.swift */ = {isa = PBXFileReference; lastKnownFileType = sourcecode.swift; path = AppDelegate.swift; sourceTree = "<group>"; };
		645774E72398355D00A61C0A /* SceneDelegate.swift */ = {isa = PBXFileReference; lastKnownFileType = sourcecode.swift; path = SceneDelegate.swift; sourceTree = "<group>"; };
		645774EC2398355D00A61C0A /* Base */ = {isa = PBXFileReference; lastKnownFileType = file.storyboard; name = Base; path = Base.lproj/Main.storyboard; sourceTree = "<group>"; };
		645774EE2398357600A61C0A /* Assets.xcassets */ = {isa = PBXFileReference; lastKnownFileType = folder.assetcatalog; path = Assets.xcassets; sourceTree = "<group>"; };
		645774F12398357600A61C0A /* Base */ = {isa = PBXFileReference; lastKnownFileType = file.storyboard; name = Base; path = Base.lproj/LaunchScreen.storyboard; sourceTree = "<group>"; };
		645774F32398357600A61C0A /* Info.plist */ = {isa = PBXFileReference; lastKnownFileType = text.plist.xml; path = Info.plist; sourceTree = "<group>"; };
		645774FD23983B4900A61C0A /* Webservice.swift */ = {isa = PBXFileReference; lastKnownFileType = sourcecode.swift; path = Webservice.swift; sourceTree = "<group>"; };
		645775092398432E00A61C0A /* Country.swift */ = {isa = PBXFileReference; lastKnownFileType = sourcecode.swift; path = Country.swift; sourceTree = "<group>"; };
		6457750F239858A400A61C0A /* CountryListViewModel.swift */ = {isa = PBXFileReference; lastKnownFileType = sourcecode.swift; path = CountryListViewModel.swift; sourceTree = "<group>"; };
		6457751123993F5F00A61C0A /* CountryDetailViewController.swift */ = {isa = PBXFileReference; lastKnownFileType = sourcecode.swift; path = CountryDetailViewController.swift; sourceTree = "<group>"; };
		6457751323993F8100A61C0A /* CountryListViewController.swift */ = {isa = PBXFileReference; lastKnownFileType = sourcecode.swift; path = CountryListViewController.swift; sourceTree = "<group>"; };
		6457751C23995CEF00A61C0A /* CountryListTableViewCell.swift */ = {isa = PBXFileReference; lastKnownFileType = sourcecode.swift; path = CountryListTableViewCell.swift; sourceTree = "<group>"; };
		6457752423999D3200A61C0A /* Population+Extensions.swift */ = {isa = PBXFileReference; lastKnownFileType = sourcecode.swift; path = "Population+Extensions.swift"; sourceTree = "<group>"; };
		645775282399A8CE00A61C0A /* FilterViewController.swift */ = {isa = PBXFileReference; lastKnownFileType = sourcecode.swift; path = FilterViewController.swift; sourceTree = "<group>"; };
		6457752A2399C25E00A61C0A /* FilterViewModel.swift */ = {isa = PBXFileReference; lastKnownFileType = sourcecode.swift; path = FilterViewModel.swift; sourceTree = "<group>"; };
		645775302399C79900A61C0A /* Filter.swift */ = {isa = PBXFileReference; lastKnownFileType = sourcecode.swift; path = Filter.swift; sourceTree = "<group>"; };
		64E8030F239B12B600B2014B /* Flag+Extensions.swift */ = {isa = PBXFileReference; lastKnownFileType = sourcecode.swift; path = "Flag+Extensions.swift"; sourceTree = "<group>"; };
		64E80317239C512900B2014B /* Wiki CountryTests.xctest */ = {isa = PBXFileReference; explicitFileType = wrapper.cfbundle; includeInIndex = 0; path = "Wiki CountryTests.xctest"; sourceTree = BUILT_PRODUCTS_DIR; };
		64E8031B239C512A00B2014B /* Info.plist */ = {isa = PBXFileReference; lastKnownFileType = text.plist.xml; path = Info.plist; sourceTree = "<group>"; };
		64E80321239C53CA00B2014B /* HttpStatusTests.swift */ = {isa = PBXFileReference; lastKnownFileType = sourcecode.swift; path = HttpStatusTests.swift; sourceTree = "<group>"; };
		64FD938623A03D3700971229 /* FilterViewModelTests.swift */ = {isa = PBXFileReference; lastKnownFileType = sourcecode.swift; path = FilterViewModelTests.swift; sourceTree = "<group>"; };
		64FD939123A1771500971229 /* Wiki CountryUITests.xctest */ = {isa = PBXFileReference; explicitFileType = wrapper.cfbundle; includeInIndex = 0; path = "Wiki CountryUITests.xctest"; sourceTree = BUILT_PRODUCTS_DIR; };
		64FD939323A1771600971229 /* Wiki_CountryUITests.swift */ = {isa = PBXFileReference; lastKnownFileType = sourcecode.swift; path = Wiki_CountryUITests.swift; sourceTree = "<group>"; };
		64FD939523A1771600971229 /* Info.plist */ = {isa = PBXFileReference; lastKnownFileType = text.plist.xml; path = Info.plist; sourceTree = "<group>"; };
		64FD939C23A18ADE00971229 /* Constants.swift */ = {isa = PBXFileReference; lastKnownFileType = sourcecode.swift; path = Constants.swift; sourceTree = "<group>"; };
/* End PBXFileReference section */

/* Begin PBXFrameworksBuildPhase section */
		645774DF2398355D00A61C0A /* Frameworks */ = {
			isa = PBXFrameworksBuildPhase;
			buildActionMask = 2147483647;
			files = (
			);
			runOnlyForDeploymentPostprocessing = 0;
		};
		64E80314239C512900B2014B /* Frameworks */ = {
			isa = PBXFrameworksBuildPhase;
			buildActionMask = 2147483647;
			files = (
			);
			runOnlyForDeploymentPostprocessing = 0;
		};
		64FD938E23A1771500971229 /* Frameworks */ = {
			isa = PBXFrameworksBuildPhase;
			buildActionMask = 2147483647;
			files = (
			);
			runOnlyForDeploymentPostprocessing = 0;
		};
/* End PBXFrameworksBuildPhase section */

/* Begin PBXGroup section */
		645774D92398355C00A61C0A = {
			isa = PBXGroup;
			children = (
				645774E42398355D00A61C0A /* Wiki Country */,
				64E80318239C512900B2014B /* Wiki CountryTests */,
				64FD939223A1771600971229 /* Wiki CountryUITests */,
				645774E32398355D00A61C0A /* Products */,
			);
			sourceTree = "<group>";
		};
		645774E32398355D00A61C0A /* Products */ = {
			isa = PBXGroup;
			children = (
				645774E22398355D00A61C0A /* Wiki Country.app */,
				64E80317239C512900B2014B /* Wiki CountryTests.xctest */,
				64FD939123A1771500971229 /* Wiki CountryUITests.xctest */,
			);
			name = Products;
			sourceTree = "<group>";
		};
		645774E42398355D00A61C0A /* Wiki Country */ = {
			isa = PBXGroup;
			children = (
				64FD939B23A18AA600971229 /* Utils */,
				6457752323999CAE00A61C0A /* Extensions */,
				645774FC23983B0F00A61C0A /* Services */,
				6457750023983BAE00A61C0A /* Models */,
				6457750123983BCA00A61C0A /* View Models */,
				645774FB23983AEB00A61C0A /* Controllers */,
				645774FF23983B7100A61C0A /* Views */,
				645774E52398355D00A61C0A /* AppDelegate.swift */,
				645774E72398355D00A61C0A /* SceneDelegate.swift */,
				645774EE2398357600A61C0A /* Assets.xcassets */,
				645774F02398357600A61C0A /* LaunchScreen.storyboard */,
				645774F32398357600A61C0A /* Info.plist */,
			);
			path = "Wiki Country";
			sourceTree = "<group>";
		};
		645774FB23983AEB00A61C0A /* Controllers */ = {
			isa = PBXGroup;
			children = (
				6457751323993F8100A61C0A /* CountryListViewController.swift */,
				6457751123993F5F00A61C0A /* CountryDetailViewController.swift */,
				645775282399A8CE00A61C0A /* FilterViewController.swift */,
			);
			path = Controllers;
			sourceTree = "<group>";
		};
		645774FC23983B0F00A61C0A /* Services */ = {
			isa = PBXGroup;
			children = (
				645774FD23983B4900A61C0A /* Webservice.swift */,
			);
			path = Services;
			sourceTree = "<group>";
		};
		645774FF23983B7100A61C0A /* Views */ = {
			isa = PBXGroup;
			children = (
				6457750223983C0900A61C0A /* Cells */,
				64FD939F23A18C2400971229 /* Storyboard */,
			);
			path = Views;
			sourceTree = "<group>";
		};
		6457750023983BAE00A61C0A /* Models */ = {
			isa = PBXGroup;
			children = (
				645775092398432E00A61C0A /* Country.swift */,
				645775302399C79900A61C0A /* Filter.swift */,
			);
			path = Models;
			sourceTree = "<group>";
		};
		6457750123983BCA00A61C0A /* View Models */ = {
			isa = PBXGroup;
			children = (
				6457750F239858A400A61C0A /* CountryListViewModel.swift */,
				6457752A2399C25E00A61C0A /* FilterViewModel.swift */,
			);
			path = "View Models";
			sourceTree = "<group>";
		};
		6457750223983C0900A61C0A /* Cells */ = {
			isa = PBXGroup;
			children = (
				6457751C23995CEF00A61C0A /* CountryListTableViewCell.swift */,
			);
			path = Cells;
			sourceTree = "<group>";
		};
		6457752323999CAE00A61C0A /* Extensions */ = {
			isa = PBXGroup;
			children = (
				6457752423999D3200A61C0A /* Population+Extensions.swift */,
				64E8030F239B12B600B2014B /* Flag+Extensions.swift */,
			);
			path = Extensions;
			sourceTree = "<group>";
		};
		64E80318239C512900B2014B /* Wiki CountryTests */ = {
			isa = PBXGroup;
			children = (
				64E80321239C53CA00B2014B /* HttpStatusTests.swift */,
				64FD938623A03D3700971229 /* FilterViewModelTests.swift */,
				64E8031B239C512A00B2014B /* Info.plist */,
			);
			path = "Wiki CountryTests";
			sourceTree = "<group>";
		};
		64FD939223A1771600971229 /* Wiki CountryUITests */ = {
			isa = PBXGroup;
			children = (
				64FD939323A1771600971229 /* Wiki_CountryUITests.swift */,
				64FD939523A1771600971229 /* Info.plist */,
			);
			path = "Wiki CountryUITests";
			sourceTree = "<group>";
		};
		64FD939B23A18AA600971229 /* Utils */ = {
			isa = PBXGroup;
			children = (
				64FD939C23A18ADE00971229 /* Constants.swift */,
			);
			path = Utils;
			sourceTree = "<group>";
		};
		64FD939F23A18C2400971229 /* Storyboard */ = {
			isa = PBXGroup;
			children = (
				645774EB2398355D00A61C0A /* Main.storyboard */,
			);
			path = Storyboard;
			sourceTree = "<group>";
		};
/* End PBXGroup section */

/* Begin PBXNativeTarget section */
		645774E12398355D00A61C0A /* Wiki Country */ = {
			isa = PBXNativeTarget;
			buildConfigurationList = 645774F62398357600A61C0A /* Build configuration list for PBXNativeTarget "Wiki Country" */;
			buildPhases = (
				645774DE2398355D00A61C0A /* Sources */,
				645774DF2398355D00A61C0A /* Frameworks */,
				645774E02398355D00A61C0A /* Resources */,
			);
			buildRules = (
			);
			dependencies = (
			);
			name = "Wiki Country";
			productName = "Wiki Country";
			productReference = 645774E22398355D00A61C0A /* Wiki Country.app */;
			productType = "com.apple.product-type.application";
		};
		64E80316239C512900B2014B /* Wiki CountryTests */ = {
			isa = PBXNativeTarget;
			buildConfigurationList = 64E8031E239C512A00B2014B /* Build configuration list for PBXNativeTarget "Wiki CountryTests" */;
			buildPhases = (
				64E80313239C512900B2014B /* Sources */,
				64E80314239C512900B2014B /* Frameworks */,
				64E80315239C512900B2014B /* Resources */,
			);
			buildRules = (
			);
			dependencies = (
				64E8031D239C512A00B2014B /* PBXTargetDependency */,
			);
			name = "Wiki CountryTests";
			productName = "Wiki CountryTests";
			productReference = 64E80317239C512900B2014B /* Wiki CountryTests.xctest */;
			productType = "com.apple.product-type.bundle.unit-test";
		};
		64FD939023A1771500971229 /* Wiki CountryUITests */ = {
			isa = PBXNativeTarget;
			buildConfigurationList = 64FD939823A1771600971229 /* Build configuration list for PBXNativeTarget "Wiki CountryUITests" */;
			buildPhases = (
				64FD938D23A1771500971229 /* Sources */,
				64FD938E23A1771500971229 /* Frameworks */,
				64FD938F23A1771500971229 /* Resources */,
			);
			buildRules = (
			);
			dependencies = (
				64FD939723A1771600971229 /* PBXTargetDependency */,
			);
			name = "Wiki CountryUITests";
			productName = "Wiki CountryUITests";
			productReference = 64FD939123A1771500971229 /* Wiki CountryUITests.xctest */;
			productType = "com.apple.product-type.bundle.ui-testing";
		};
/* End PBXNativeTarget section */

/* Begin PBXProject section */
		645774DA2398355C00A61C0A /* Project object */ = {
			isa = PBXProject;
			attributes = {
				LastSwiftUpdateCheck = 1120;
				LastUpgradeCheck = 1120;
				ORGANIZATIONNAME = Ordineat;
				TargetAttributes = {
					645774E12398355D00A61C0A = {
						CreatedOnToolsVersion = 11.2.1;
					};
					64E80316239C512900B2014B = {
						CreatedOnToolsVersion = 11.2.1;
						TestTargetID = 645774E12398355D00A61C0A;
					};
					64FD939023A1771500971229 = {
						CreatedOnToolsVersion = 11.2.1;
						TestTargetID = 645774E12398355D00A61C0A;
					};
				};
			};
			buildConfigurationList = 645774DD2398355C00A61C0A /* Build configuration list for PBXProject "Wiki Country" */;
			compatibilityVersion = "Xcode 9.3";
			developmentRegion = en;
			hasScannedForEncodings = 0;
			knownRegions = (
				en,
				Base,
			);
			mainGroup = 645774D92398355C00A61C0A;
			productRefGroup = 645774E32398355D00A61C0A /* Products */;
			projectDirPath = "";
			projectRoot = "";
			targets = (
				645774E12398355D00A61C0A /* Wiki Country */,
				64E80316239C512900B2014B /* Wiki CountryTests */,
				64FD939023A1771500971229 /* Wiki CountryUITests */,
			);
		};
/* End PBXProject section */

/* Begin PBXResourcesBuildPhase section */
		645774E02398355D00A61C0A /* Resources */ = {
			isa = PBXResourcesBuildPhase;
			buildActionMask = 2147483647;
			files = (
				645774F22398357600A61C0A /* LaunchScreen.storyboard in Resources */,
				645774EF2398357600A61C0A /* Assets.xcassets in Resources */,
				645774ED2398355D00A61C0A /* Main.storyboard in Resources */,
			);
			runOnlyForDeploymentPostprocessing = 0;
		};
		64E80315239C512900B2014B /* Resources */ = {
			isa = PBXResourcesBuildPhase;
			buildActionMask = 2147483647;
			files = (
			);
			runOnlyForDeploymentPostprocessing = 0;
		};
		64FD938F23A1771500971229 /* Resources */ = {
			isa = PBXResourcesBuildPhase;
			buildActionMask = 2147483647;
			files = (
			);
			runOnlyForDeploymentPostprocessing = 0;
		};
/* End PBXResourcesBuildPhase section */

/* Begin PBXSourcesBuildPhase section */
		645774DE2398355D00A61C0A /* Sources */ = {
			isa = PBXSourcesBuildPhase;
			buildActionMask = 2147483647;
			files = (
				6457751D23995CEF00A61C0A /* CountryListTableViewCell.swift in Sources */,
				6457750A2398432E00A61C0A /* Country.swift in Sources */,
				645774E62398355D00A61C0A /* AppDelegate.swift in Sources */,
				64E80310239B12B600B2014B /* Flag+Extensions.swift in Sources */,
				645774FE23983B4900A61C0A /* Webservice.swift in Sources */,
				645775292399A8CE00A61C0A /* FilterViewController.swift in Sources */,
				645774E82398355D00A61C0A /* SceneDelegate.swift in Sources */,
				6457751223993F5F00A61C0A /* CountryDetailViewController.swift in Sources */,
				6457751423993F8100A61C0A /* CountryListViewController.swift in Sources */,
				6457752B2399C25E00A61C0A /* FilterViewModel.swift in Sources */,
				645775312399C79900A61C0A /* Filter.swift in Sources */,
				64FD939D23A18ADE00971229 /* Constants.swift in Sources */,
				64577510239858A400A61C0A /* CountryListViewModel.swift in Sources */,
				6457752523999D3200A61C0A /* Population+Extensions.swift in Sources */,
			);
			runOnlyForDeploymentPostprocessing = 0;
		};
		64E80313239C512900B2014B /* Sources */ = {
			isa = PBXSourcesBuildPhase;
			buildActionMask = 2147483647;
			files = (
				64FD938723A03D3700971229 /* FilterViewModelTests.swift in Sources */,
				64E80322239C53CA00B2014B /* HttpStatusTests.swift in Sources */,
			);
			runOnlyForDeploymentPostprocessing = 0;
		};
		64FD938D23A1771500971229 /* Sources */ = {
			isa = PBXSourcesBuildPhase;
			buildActionMask = 2147483647;
			files = (
				64FD939423A1771600971229 /* Wiki_CountryUITests.swift in Sources */,
			);
			runOnlyForDeploymentPostprocessing = 0;
		};
/* End PBXSourcesBuildPhase section */

/* Begin PBXTargetDependency section */
		64E8031D239C512A00B2014B /* PBXTargetDependency */ = {
			isa = PBXTargetDependency;
			target = 645774E12398355D00A61C0A /* Wiki Country */;
			targetProxy = 64E8031C239C512A00B2014B /* PBXContainerItemProxy */;
		};
		64FD939723A1771600971229 /* PBXTargetDependency */ = {
			isa = PBXTargetDependency;
			target = 645774E12398355D00A61C0A /* Wiki Country */;
			targetProxy = 64FD939623A1771600971229 /* PBXContainerItemProxy */;
		};
/* End PBXTargetDependency section */

/* Begin PBXVariantGroup section */
		645774EB2398355D00A61C0A /* Main.storyboard */ = {
			isa = PBXVariantGroup;
			children = (
				645774EC2398355D00A61C0A /* Base */,
			);
			name = Main.storyboard;
			sourceTree = "<group>";
		};
		645774F02398357600A61C0A /* LaunchScreen.storyboard */ = {
			isa = PBXVariantGroup;
			children = (
				645774F12398357600A61C0A /* Base */,
			);
			name = LaunchScreen.storyboard;
			sourceTree = "<group>";
		};
/* End PBXVariantGroup section */

/* Begin XCBuildConfiguration section */
		645774F42398357600A61C0A /* Debug */ = {
			isa = XCBuildConfiguration;
			buildSettings = {
				ALWAYS_SEARCH_USER_PATHS = NO;
				CLANG_ANALYZER_NONNULL = YES;
				CLANG_ANALYZER_NUMBER_OBJECT_CONVERSION = YES_AGGRESSIVE;
				CLANG_CXX_LANGUAGE_STANDARD = "gnu++14";
				CLANG_CXX_LIBRARY = "libc++";
				CLANG_ENABLE_MODULES = YES;
				CLANG_ENABLE_OBJC_ARC = YES;
				CLANG_ENABLE_OBJC_WEAK = YES;
				CLANG_WARN_BLOCK_CAPTURE_AUTORELEASING = YES;
				CLANG_WARN_BOOL_CONVERSION = YES;
				CLANG_WARN_COMMA = YES;
				CLANG_WARN_CONSTANT_CONVERSION = YES;
				CLANG_WARN_DEPRECATED_OBJC_IMPLEMENTATIONS = YES;
				CLANG_WARN_DIRECT_OBJC_ISA_USAGE = YES_ERROR;
				CLANG_WARN_DOCUMENTATION_COMMENTS = YES;
				CLANG_WARN_EMPTY_BODY = YES;
				CLANG_WARN_ENUM_CONVERSION = YES;
				CLANG_WARN_INFINITE_RECURSION = YES;
				CLANG_WARN_INT_CONVERSION = YES;
				CLANG_WARN_NON_LITERAL_NULL_CONVERSION = YES;
				CLANG_WARN_OBJC_IMPLICIT_RETAIN_SELF = YES;
				CLANG_WARN_OBJC_LITERAL_CONVERSION = YES;
				CLANG_WARN_OBJC_ROOT_CLASS = YES_ERROR;
				CLANG_WARN_RANGE_LOOP_ANALYSIS = YES;
				CLANG_WARN_STRICT_PROTOTYPES = YES;
				CLANG_WARN_SUSPICIOUS_MOVE = YES;
				CLANG_WARN_UNGUARDED_AVAILABILITY = YES_AGGRESSIVE;
				CLANG_WARN_UNREACHABLE_CODE = YES;
				CLANG_WARN__DUPLICATE_METHOD_MATCH = YES;
				COPY_PHASE_STRIP = NO;
				DEBUG_INFORMATION_FORMAT = dwarf;
				ENABLE_STRICT_OBJC_MSGSEND = YES;
				ENABLE_TESTABILITY = YES;
				GCC_C_LANGUAGE_STANDARD = gnu11;
				GCC_DYNAMIC_NO_PIC = NO;
				GCC_NO_COMMON_BLOCKS = YES;
				GCC_OPTIMIZATION_LEVEL = 0;
				GCC_PREPROCESSOR_DEFINITIONS = (
					"DEBUG=1",
					"$(inherited)",
				);
				GCC_WARN_64_TO_32_BIT_CONVERSION = YES;
				GCC_WARN_ABOUT_RETURN_TYPE = YES_ERROR;
				GCC_WARN_UNDECLARED_SELECTOR = YES;
				GCC_WARN_UNINITIALIZED_AUTOS = YES_AGGRESSIVE;
				GCC_WARN_UNUSED_FUNCTION = YES;
				GCC_WARN_UNUSED_VARIABLE = YES;
				IPHONEOS_DEPLOYMENT_TARGET = 13.2;
				MTL_ENABLE_DEBUG_INFO = INCLUDE_SOURCE;
				MTL_FAST_MATH = YES;
				ONLY_ACTIVE_ARCH = YES;
				SDKROOT = iphoneos;
				SWIFT_ACTIVE_COMPILATION_CONDITIONS = DEBUG;
				SWIFT_OPTIMIZATION_LEVEL = "-Onone";
			};
			name = Debug;
		};
		645774F52398357600A61C0A /* Release */ = {
			isa = XCBuildConfiguration;
			buildSettings = {
				ALWAYS_SEARCH_USER_PATHS = NO;
				CLANG_ANALYZER_NONNULL = YES;
				CLANG_ANALYZER_NUMBER_OBJECT_CONVERSION = YES_AGGRESSIVE;
				CLANG_CXX_LANGUAGE_STANDARD = "gnu++14";
				CLANG_CXX_LIBRARY = "libc++";
				CLANG_ENABLE_MODULES = YES;
				CLANG_ENABLE_OBJC_ARC = YES;
				CLANG_ENABLE_OBJC_WEAK = YES;
				CLANG_WARN_BLOCK_CAPTURE_AUTORELEASING = YES;
				CLANG_WARN_BOOL_CONVERSION = YES;
				CLANG_WARN_COMMA = YES;
				CLANG_WARN_CONSTANT_CONVERSION = YES;
				CLANG_WARN_DEPRECATED_OBJC_IMPLEMENTATIONS = YES;
				CLANG_WARN_DIRECT_OBJC_ISA_USAGE = YES_ERROR;
				CLANG_WARN_DOCUMENTATION_COMMENTS = YES;
				CLANG_WARN_EMPTY_BODY = YES;
				CLANG_WARN_ENUM_CONVERSION = YES;
				CLANG_WARN_INFINITE_RECURSION = YES;
				CLANG_WARN_INT_CONVERSION = YES;
				CLANG_WARN_NON_LITERAL_NULL_CONVERSION = YES;
				CLANG_WARN_OBJC_IMPLICIT_RETAIN_SELF = YES;
				CLANG_WARN_OBJC_LITERAL_CONVERSION = YES;
				CLANG_WARN_OBJC_ROOT_CLASS = YES_ERROR;
				CLANG_WARN_RANGE_LOOP_ANALYSIS = YES;
				CLANG_WARN_STRICT_PROTOTYPES = YES;
				CLANG_WARN_SUSPICIOUS_MOVE = YES;
				CLANG_WARN_UNGUARDED_AVAILABILITY = YES_AGGRESSIVE;
				CLANG_WARN_UNREACHABLE_CODE = YES;
				CLANG_WARN__DUPLICATE_METHOD_MATCH = YES;
				COPY_PHASE_STRIP = NO;
				DEBUG_INFORMATION_FORMAT = "dwarf-with-dsym";
				ENABLE_NS_ASSERTIONS = NO;
				ENABLE_STRICT_OBJC_MSGSEND = YES;
				GCC_C_LANGUAGE_STANDARD = gnu11;
				GCC_NO_COMMON_BLOCKS = YES;
				GCC_WARN_64_TO_32_BIT_CONVERSION = YES;
				GCC_WARN_ABOUT_RETURN_TYPE = YES_ERROR;
				GCC_WARN_UNDECLARED_SELECTOR = YES;
				GCC_WARN_UNINITIALIZED_AUTOS = YES_AGGRESSIVE;
				GCC_WARN_UNUSED_FUNCTION = YES;
				GCC_WARN_UNUSED_VARIABLE = YES;
				IPHONEOS_DEPLOYMENT_TARGET = 13.2;
				MTL_ENABLE_DEBUG_INFO = NO;
				MTL_FAST_MATH = YES;
				SDKROOT = iphoneos;
				SWIFT_COMPILATION_MODE = wholemodule;
				SWIFT_OPTIMIZATION_LEVEL = "-O";
				VALIDATE_PRODUCT = YES;
			};
			name = Release;
		};
		645774F72398357600A61C0A /* Debug */ = {
			isa = XCBuildConfiguration;
			buildSettings = {
				ASSETCATALOG_COMPILER_APPICON_NAME = AppIcon;
				CODE_SIGN_STYLE = Automatic;
				DEVELOPMENT_TEAM = RG9K48B7R3;
				INFOPLIST_FILE = "Wiki Country/Info.plist";
				LD_RUNPATH_SEARCH_PATHS = (
					"$(inherited)",
					"@executable_path/Frameworks",
				);
				PRODUCT_BUNDLE_IDENTIFIER = "com.bofu.ordineat.Wiki-Country";
				PRODUCT_NAME = "$(TARGET_NAME)";
				SWIFT_VERSION = 5.0;
				TARGETED_DEVICE_FAMILY = 1;
			};
			name = Debug;
		};
		645774F82398357600A61C0A /* Release */ = {
			isa = XCBuildConfiguration;
			buildSettings = {
				ASSETCATALOG_COMPILER_APPICON_NAME = AppIcon;
				CODE_SIGN_STYLE = Automatic;
				DEVELOPMENT_TEAM = RG9K48B7R3;
				INFOPLIST_FILE = "Wiki Country/Info.plist";
				LD_RUNPATH_SEARCH_PATHS = (
					"$(inherited)",
					"@executable_path/Frameworks",
				);
				PRODUCT_BUNDLE_IDENTIFIER = "com.bofu.ordineat.Wiki-Country";
				PRODUCT_NAME = "$(TARGET_NAME)";
				SWIFT_VERSION = 5.0;
				TARGETED_DEVICE_FAMILY = 1;
			};
			name = Release;
		};
		64E8031F239C512A00B2014B /* Debug */ = {
			isa = XCBuildConfiguration;
			buildSettings = {
				BUNDLE_LOADER = "$(TEST_HOST)";
				CODE_SIGN_STYLE = Automatic;
				DEVELOPMENT_TEAM = RG9K48B7R3;
				INFOPLIST_FILE = "Wiki CountryTests/Info.plist";
				LD_RUNPATH_SEARCH_PATHS = (
					"$(inherited)",
					"@executable_path/Frameworks",
					"@loader_path/Frameworks",
				);
				PRODUCT_BUNDLE_IDENTIFIER = "com.bofu.ordineat.Wiki-CountryTests";
				PRODUCT_NAME = "$(TARGET_NAME)";
				SWIFT_VERSION = 5.0;
				TARGETED_DEVICE_FAMILY = "1,2";
				TEST_HOST = "$(BUILT_PRODUCTS_DIR)/Wiki Country.app/Wiki Country";
			};
			name = Debug;
		};
		64E80320239C512A00B2014B /* Release */ = {
			isa = XCBuildConfiguration;
			buildSettings = {
				BUNDLE_LOADER = "$(TEST_HOST)";
				CODE_SIGN_STYLE = Automatic;
				DEVELOPMENT_TEAM = RG9K48B7R3;
				INFOPLIST_FILE = "Wiki CountryTests/Info.plist";
				LD_RUNPATH_SEARCH_PATHS = (
					"$(inherited)",
					"@executable_path/Frameworks",
					"@loader_path/Frameworks",
				);
				PRODUCT_BUNDLE_IDENTIFIER = "com.bofu.ordineat.Wiki-CountryTests";
				PRODUCT_NAME = "$(TARGET_NAME)";
				SWIFT_VERSION = 5.0;
				TARGETED_DEVICE_FAMILY = "1,2";
				TEST_HOST = "$(BUILT_PRODUCTS_DIR)/Wiki Country.app/Wiki Country";
			};
			name = Release;
		};
		64FD939923A1771600971229 /* Debug */ = {
			isa = XCBuildConfiguration;
			buildSettings = {
				CODE_SIGN_STYLE = Automatic;
				DEVELOPMENT_TEAM = RG9K48B7R3;
				INFOPLIST_FILE = "Wiki CountryUITests/Info.plist";
				LD_RUNPATH_SEARCH_PATHS = (
					"$(inherited)",
					"@executable_path/Frameworks",
					"@loader_path/Frameworks",
				);
				PRODUCT_BUNDLE_IDENTIFIER = "com.bofu.ordineat.Wiki-CountryUITests";
				PRODUCT_NAME = "$(TARGET_NAME)";
				SWIFT_VERSION = 5.0;
				TARGETED_DEVICE_FAMILY = "1,2";
				TEST_TARGET_NAME = "Wiki Country";
			};
			name = Debug;
		};
		64FD939A23A1771600971229 /* Release */ = {
			isa = XCBuildConfiguration;
			buildSettings = {
				CODE_SIGN_STYLE = Automatic;
				DEVELOPMENT_TEAM = RG9K48B7R3;
				INFOPLIST_FILE = "Wiki CountryUITests/Info.plist";
				LD_RUNPATH_SEARCH_PATHS = (
					"$(inherited)",
					"@executable_path/Frameworks",
					"@loader_path/Frameworks",
				);
				PRODUCT_BUNDLE_IDENTIFIER = "com.bofu.ordineat.Wiki-CountryUITests";
				PRODUCT_NAME = "$(TARGET_NAME)";
				SWIFT_VERSION = 5.0;
				TARGETED_DEVICE_FAMILY = "1,2";
				TEST_TARGET_NAME = "Wiki Country";
			};
			name = Release;
		};
/* End XCBuildConfiguration section */

/* Begin XCConfigurationList section */
		645774DD2398355C00A61C0A /* Build configuration list for PBXProject "Wiki Country" */ = {
			isa = XCConfigurationList;
			buildConfigurations = (
				645774F42398357600A61C0A /* Debug */,
				645774F52398357600A61C0A /* Release */,
			);
			defaultConfigurationIsVisible = 0;
			defaultConfigurationName = Release;
		};
		645774F62398357600A61C0A /* Build configuration list for PBXNativeTarget "Wiki Country" */ = {
			isa = XCConfigurationList;
			buildConfigurations = (
				645774F72398357600A61C0A /* Debug */,
				645774F82398357600A61C0A /* Release */,
			);
			defaultConfigurationIsVisible = 0;
			defaultConfigurationName = Release;
		};
		64E8031E239C512A00B2014B /* Build configuration list for PBXNativeTarget "Wiki CountryTests" */ = {
			isa = XCConfigurationList;
			buildConfigurations = (
				64E8031F239C512A00B2014B /* Debug */,
				64E80320239C512A00B2014B /* Release */,
			);
			defaultConfigurationIsVisible = 0;
			defaultConfigurationName = Release;
		};
		64FD939823A1771600971229 /* Build configuration list for PBXNativeTarget "Wiki CountryUITests" */ = {
			isa = XCConfigurationList;
			buildConfigurations = (
				64FD939923A1771600971229 /* Debug */,
				64FD939A23A1771600971229 /* Release */,
			);
			defaultConfigurationIsVisible = 0;
			defaultConfigurationName = Release;
		};
/* End XCConfigurationList section */
	};
	rootObject = 645774DA2398355C00A61C0A /* Project object */;
}
